
Microsoft Visual Studio Solution File, Format Version 12.00
# Visual Studio Version 17
VisualStudioVersion = 17.0.32014.148
MinimumVisualStudioVersion = 10.0.40219.1
Project("{9A19103F-16F7-4668-BE54-9A1E7A4F7556}") = "MyBank", "MyBank\MyBank.csproj", "{11B3261C-0010-4161-94DE-91E5A3B8B327}"
EndProject
Project("{9A19103F-16F7-4668-BE54-9A1E7A4F7556}") = "MyBank.Persistence", "MyBank.Persistence\MyBank.Persistence.csproj", "{923B8017-131D-4B11-A9B3-CF2C3D7DEB2B}"
EndProject
Project("{9A19103F-16F7-4668-BE54-9A1E7A4F7556}") = "MyBank.WebApi", "MyBank.WebApi\MyBank.WebApi.csproj", "{4C1A359E-0A06-4E42-93EB-8CB6ED6FF565}"
EndProject
Project("{9A19103F-16F7-4668-BE54-9A1E7A4F7556}") = "MyBank.Desktop", "MyBank.Desktop\MyBank.Desktop.csproj", "{374B5351-1EE7-464A-B001-3C7AA695879D}"
EndProject
Project("{FAE04EC0-301F-11D3-BF4B-00C04F79EFBC}") = "MyBank.WebApi.Test", "MyBank.WebApi.Test\MyBank.WebApi.Test.csproj", "{6C3422ED-AF0D-4BBC-890C-EB0338C4576E}"
EndProject
Global
	GlobalSection(SolutionConfigurationPlatforms) = preSolution
		Debug|Any CPU = Debug|Any CPU
		Release|Any CPU = Release|Any CPU
	EndGlobalSection
	GlobalSection(ProjectConfigurationPlatforms) = postSolution
		{11B3261C-0010-4161-94DE-91E5A3B8B327}.Debug|Any CPU.ActiveCfg = Debug|Any CPU
		{11B3261C-0010-4161-94DE-91E5A3B8B327}.Debug|Any CPU.Build.0 = Debug|Any CPU
		{11B3261C-0010-4161-94DE-91E5A3B8B327}.Release|Any CPU.ActiveCfg = Release|Any CPU
		{11B3261C-0010-4161-94DE-91E5A3B8B327}.Release|Any CPU.Build.0 = Release|Any CPU
		{923B8017-131D-4B11-A9B3-CF2C3D7DEB2B}.Debug|Any CPU.ActiveCfg = Debug|Any CPU
		{923B8017-131D-4B11-A9B3-CF2C3D7DEB2B}.Debug|Any CPU.Build.0 = Debug|Any CPU
		{923B8017-131D-4B11-A9B3-CF2C3D7DEB2B}.Release|Any CPU.ActiveCfg = Release|Any CPU
		{923B8017-131D-4B11-A9B3-CF2C3D7DEB2B}.Release|Any CPU.Build.0 = Release|Any CPU
		{4C1A359E-0A06-4E42-93EB-8CB6ED6FF565}.Debug|Any CPU.ActiveCfg = Debug|Any CPU
		{4C1A359E-0A06-4E42-93EB-8CB6ED6FF565}.Debug|Any CPU.Build.0 = Debug|Any CPU
		{4C1A359E-0A06-4E42-93EB-8CB6ED6FF565}.Release|Any CPU.ActiveCfg = Release|Any CPU
		{4C1A359E-0A06-4E42-93EB-8CB6ED6FF565}.Release|Any CPU.Build.0 = Release|Any CPU
		{374B5351-1EE7-464A-B001-3C7AA695879D}.Debug|Any CPU.ActiveCfg = Debug|Any CPU
		{374B5351-1EE7-464A-B001-3C7AA695879D}.Debug|Any CPU.Build.0 = Debug|Any CPU
		{374B5351-1EE7-464A-B001-3C7AA695879D}.Release|Any CPU.ActiveCfg = Release|Any CPU
		{374B5351-1EE7-464A-B001-3C7AA695879D}.Release|Any CPU.Build.0 = Release|Any CPU
		{6C3422ED-AF0D-4BBC-890C-EB0338C4576E}.Debug|Any CPU.ActiveCfg = Debug|Any CPU
		{6C3422ED-AF0D-4BBC-890C-EB0338C4576E}.Debug|Any CPU.Build.0 = Debug|Any CPU
		{6C3422ED-AF0D-4BBC-890C-EB0338C4576E}.Release|Any CPU.ActiveCfg = Release|Any CPU
		{6C3422ED-AF0D-4BBC-890C-EB0338C4576E}.Release|Any CPU.Build.0 = Release|Any CPU
	EndGlobalSection
	GlobalSection(SolutionProperties) = preSolution
		HideSolutionNode = FALSE
	EndGlobalSection
	GlobalSection(ExtensibilityGlobals) = postSolution
		SolutionGuid = {737C635D-C58A-4D6B-9DDC-DD4C830DD9F7}
	EndGlobalSection
EndGlobal
